
Microsoft Visual Studio Solution File, Format Version 12.00
# Visual Studio 15
VisualStudioVersion = 15.0.28307.757
MinimumVisualStudioVersion = 10.0.40219.1
Project("{FAE04EC0-301F-11D3-BF4B-00C04F79EFBC}") = "Alison Govender_18010831_GADE6212_Task 1", "Alison Govender_18010831_GADE6212_Task 1\Alison Govender_18010831_GADE6212_Task 1.csproj", "{FB211F21-9004-4C71-8980-389E32EC573E}"
EndProject
Global
	GlobalSection(SolutionConfigurationPlatforms) = preSolution
		Debug|Any CPU = Debug|Any CPU
		Release|Any CPU = Release|Any CPU
	EndGlobalSection
	GlobalSection(ProjectConfigurationPlatforms) = postSolution
		{FB211F21-9004-4C71-8980-389E32EC573E}.Debug|Any CPU.ActiveCfg = Debug|Any CPU
		{FB211F21-9004-4C71-8980-389E32EC573E}.Debug|Any CPU.Build.0 = Debug|Any CPU
		{FB211F21-9004-4C71-8980-389E32EC573E}.Release|Any CPU.ActiveCfg = Release|Any CPU
		{FB211F21-9004-4C71-8980-389E32EC573E}.Release|Any CPU.Build.0 = Release|Any CPU
	EndGlobalSection
	GlobalSection(SolutionProperties) = preSolution
		HideSolutionNode = FALSE
	EndGlobalSection
	GlobalSection(ExtensibilityGlobals) = postSolution
		SolutionGuid = {2EB18CCD-9F50-4BFD-9A86-C210599B50EC}
	EndGlobalSection
EndGlobal
